
Microsoft Visual Studio Solution File, Format Version 12.00
# Visual Studio Version 16
VisualStudioVersion = 16.0.29920.165
MinimumVisualStudioVersion = 10.0.40219.1
Project("{9A19103F-16F7-4668-BE54-9A1E7A4F7556}") = "eCommerce.Api.Products", "eCommerce.Api.Products\eCommerce.Api.Products.csproj", "{4605BB99-F0A3-4DAD-B89D-507F519183E0}"
EndProject
Project("{9A19103F-16F7-4668-BE54-9A1E7A4F7556}") = "eCommerce.Api.Orders", "eCommerce.Api.Orders\eCommerce.Api.Orders.csproj", "{D6881AC8-1D57-4B87-991E-224F16881F2D}"
EndProject
Project("{9A19103F-16F7-4668-BE54-9A1E7A4F7556}") = "eCommerce.Api.Customers", "eCommerce.Api.Customers\eCommerce.Api.Customers.csproj", "{B4FA39BA-E7C4-45CB-82E6-DB04AF7294E6}"
EndProject
Project("{9A19103F-16F7-4668-BE54-9A1E7A4F7556}") = "eCommerce.Api.Search", "eCommerce.Api.Search\eCommerce.Api.Search.csproj", "{3EB8D24D-F9E0-4F15-9AF3-75540F54E543}"
EndProject
Project("{9A19103F-16F7-4668-BE54-9A1E7A4F7556}") = "eCommerce.Api.Product.Tests", "Product.Tests\eCommerce.Api.Product.Tests.csproj", "{6E30D82D-64A1-4F9D-B9E8-67FB2A3AAC55}"
EndProject
Project("{E53339B2-1760-4266-BCC7-CA923CBCF16C}") = "docker-compose", "docker-compose.dcproj", "{6BA62FCB-2F07-452E-AFF7-7CB166E9A864}"
EndProject
Global
	GlobalSection(SolutionConfigurationPlatforms) = preSolution
		Debug|Any CPU = Debug|Any CPU
		Release|Any CPU = Release|Any CPU
	EndGlobalSection
	GlobalSection(ProjectConfigurationPlatforms) = postSolution
		{4605BB99-F0A3-4DAD-B89D-507F519183E0}.Debug|Any CPU.ActiveCfg = Debug|Any CPU
		{4605BB99-F0A3-4DAD-B89D-507F519183E0}.Debug|Any CPU.Build.0 = Debug|Any CPU
		{4605BB99-F0A3-4DAD-B89D-507F519183E0}.Release|Any CPU.ActiveCfg = Release|Any CPU
		{4605BB99-F0A3-4DAD-B89D-507F519183E0}.Release|Any CPU.Build.0 = Release|Any CPU
		{D6881AC8-1D57-4B87-991E-224F16881F2D}.Debug|Any CPU.ActiveCfg = Debug|Any CPU
		{D6881AC8-1D57-4B87-991E-224F16881F2D}.Debug|Any CPU.Build.0 = Debug|Any CPU
		{D6881AC8-1D57-4B87-991E-224F16881F2D}.Release|Any CPU.ActiveCfg = Release|Any CPU
		{D6881AC8-1D57-4B87-991E-224F16881F2D}.Release|Any CPU.Build.0 = Release|Any CPU
		{B4FA39BA-E7C4-45CB-82E6-DB04AF7294E6}.Debug|Any CPU.ActiveCfg = Debug|Any CPU
		{B4FA39BA-E7C4-45CB-82E6-DB04AF7294E6}.Debug|Any CPU.Build.0 = Debug|Any CPU
		{B4FA39BA-E7C4-45CB-82E6-DB04AF7294E6}.Release|Any CPU.ActiveCfg = Release|Any CPU
		{B4FA39BA-E7C4-45CB-82E6-DB04AF7294E6}.Release|Any CPU.Build.0 = Release|Any CPU
		{3EB8D24D-F9E0-4F15-9AF3-75540F54E543}.Debug|Any CPU.ActiveCfg = Debug|Any CPU
		{3EB8D24D-F9E0-4F15-9AF3-75540F54E543}.Debug|Any CPU.Build.0 = Debug|Any CPU
		{3EB8D24D-F9E0-4F15-9AF3-75540F54E543}.Release|Any CPU.ActiveCfg = Release|Any CPU
		{3EB8D24D-F9E0-4F15-9AF3-75540F54E543}.Release|Any CPU.Build.0 = Release|Any CPU
		{6E30D82D-64A1-4F9D-B9E8-67FB2A3AAC55}.Debug|Any CPU.ActiveCfg = Debug|Any CPU
		{6E30D82D-64A1-4F9D-B9E8-67FB2A3AAC55}.Debug|Any CPU.Build.0 = Debug|Any CPU
		{6E30D82D-64A1-4F9D-B9E8-67FB2A3AAC55}.Release|Any CPU.ActiveCfg = Release|Any CPU
		{6E30D82D-64A1-4F9D-B9E8-67FB2A3AAC55}.Release|Any CPU.Build.0 = Release|Any CPU
		{6BA62FCB-2F07-452E-AFF7-7CB166E9A864}.Debug|Any CPU.ActiveCfg = Debug|Any CPU
		{6BA62FCB-2F07-452E-AFF7-7CB166E9A864}.Debug|Any CPU.Build.0 = Debug|Any CPU
		{6BA62FCB-2F07-452E-AFF7-7CB166E9A864}.Release|Any CPU.ActiveCfg = Release|Any CPU
		{6BA62FCB-2F07-452E-AFF7-7CB166E9A864}.Release|Any CPU.Build.0 = Release|Any CPU
	EndGlobalSection
	GlobalSection(SolutionProperties) = preSolution
		HideSolutionNode = FALSE
	EndGlobalSection
	GlobalSection(ExtensibilityGlobals) = postSolution
		SolutionGuid = {D3529DDF-7C6D-4812-B21A-322C6AB328EC}
	EndGlobalSection
EndGlobal
